
Microsoft Visual Studio Solution File, Format Version 12.00
# Visual Studio Version 17
VisualStudioVersion = 17.0.31903.59
MinimumVisualStudioVersion = 10.0.40219.1
Project("{FAE04EC0-301F-11D3-BF4B-00C04F79EFBC}") = "doc", "doc\doc.csproj", "{0FC95493-21C4-4685-948E-7127A8DC6D19}"
EndProject
Project("{FAE04EC0-301F-11D3-BF4B-00C04F79EFBC}") = "WebGui", "WebGui\WebGui.csproj", "{A0CEDED7-221B-47CE-A3C8-D5008BA007F3}"
EndProject
Project("{FAE04EC0-301F-11D3-BF4B-00C04F79EFBC}") = "NotifyService", "NotifyService\NotifyService.csproj", "{D5439B8A-A13E-4B04-9C42-0BC91FD18906}"
EndProject
Project("{FAE04EC0-301F-11D3-BF4B-00C04F79EFBC}") = "Business", "Business\Business.csproj", "{4F805B7B-AE69-4F26-9FAC-936EDD6CE260}"
EndProject
Project("{FAE04EC0-301F-11D3-BF4B-00C04F79EFBC}") = "Business.TPV", "Business.TPV\Business.TPV.csproj", "{27011075-17F9-4BB6-96EE-FE8A7403911F}"
EndProject
Project("{FAE04EC0-301F-11D3-BF4B-00C04F79EFBC}") = "TrackingService", "TrackingService\TrackingService.csproj", "{F94A3504-6825-447D-B87E-7C3A943402C1}"
EndProject
Project("{FAE04EC0-301F-11D3-BF4B-00C04F79EFBC}") = "Models", "Model\Models.csproj", "{A21C5E99-5F3C-4ADB-A51C-D41BF76DAFFD}"
EndProject
Project("{FAE04EC0-301F-11D3-BF4B-00C04F79EFBC}") = "TrackingEDI", "TrackingEDI\TrackingEDI.csproj", "{4C0BB241-A99A-4F01-B0F7-BFAB4CF05C03}"
EndProject
Project("{FAE04EC0-301F-11D3-BF4B-00C04F79EFBC}") = "InternalWeb", "InternalWeb\InternalWeb.csproj", "{F4F76671-37D9-4D59-AA59-FB34217F7336}"
EndProject
Project("{FAE04EC0-301F-11D3-BF4B-00C04F79EFBC}") = "Task", "Task\Task\Task.csproj", "{103BBB6F-B5CD-49CD-993E-BEEABC6190BB}"
EndProject
Project("{FAE04EC0-301F-11D3-BF4B-00C04F79EFBC}") = "ReportGetter", "ReportGetter\ReportGetter.csproj", "{D8508579-5BC4-493E-AF6F-E9696F9999F3}"
EndProject
Project("{FAE04EC0-301F-11D3-BF4B-00C04F79EFBC}") = "EshippingInTest", "EshippingInTest\EshippingInTest.csproj", "{7D69B5BB-4471-49F8-B8E5-7898F569EE5E}"
EndProject
Global
	GlobalSection(SolutionConfigurationPlatforms) = preSolution
		Debug|Any CPU = Debug|Any CPU
		Debug|Mixed Platforms = Debug|Mixed Platforms
		Debug|x86 = Debug|x86
		Release|Any CPU = Release|Any CPU
		Release|Mixed Platforms = Release|Mixed Platforms
		Release|x86 = Release|x86
	EndGlobalSection
	GlobalSection(ProjectConfigurationPlatforms) = postSolution
		{0FC95493-21C4-4685-948E-7127A8DC6D19}.Debug|Any CPU.ActiveCfg = Debug|Any CPU
		{0FC95493-21C4-4685-948E-7127A8DC6D19}.Debug|Any CPU.Build.0 = Debug|Any CPU
		{0FC95493-21C4-4685-948E-7127A8DC6D19}.Debug|Mixed Platforms.ActiveCfg = Debug|Any CPU
		{0FC95493-21C4-4685-948E-7127A8DC6D19}.Debug|Mixed Platforms.Build.0 = Debug|Any CPU
		{0FC95493-21C4-4685-948E-7127A8DC6D19}.Debug|x86.ActiveCfg = Debug|Any CPU
		{0FC95493-21C4-4685-948E-7127A8DC6D19}.Release|Any CPU.ActiveCfg = Release|Any CPU
		{0FC95493-21C4-4685-948E-7127A8DC6D19}.Release|Any CPU.Build.0 = Release|Any CPU
		{0FC95493-21C4-4685-948E-7127A8DC6D19}.Release|Mixed Platforms.ActiveCfg = Release|Any CPU
		{0FC95493-21C4-4685-948E-7127A8DC6D19}.Release|Mixed Platforms.Build.0 = Release|Any CPU
		{0FC95493-21C4-4685-948E-7127A8DC6D19}.Release|x86.ActiveCfg = Release|Any CPU
		{A0CEDED7-221B-47CE-A3C8-D5008BA007F3}.Debug|Any CPU.ActiveCfg = Debug|Any CPU
		{A0CEDED7-221B-47CE-A3C8-D5008BA007F3}.Debug|Any CPU.Build.0 = Debug|Any CPU
		{A0CEDED7-221B-47CE-A3C8-D5008BA007F3}.Debug|Mixed Platforms.ActiveCfg = Debug|Any CPU
		{A0CEDED7-221B-47CE-A3C8-D5008BA007F3}.Debug|Mixed Platforms.Build.0 = Debug|Any CPU
		{A0CEDED7-221B-47CE-A3C8-D5008BA007F3}.Debug|x86.ActiveCfg = Debug|Any CPU
		{A0CEDED7-221B-47CE-A3C8-D5008BA007F3}.Release|Any CPU.ActiveCfg = Release|Any CPU
		{A0CEDED7-221B-47CE-A3C8-D5008BA007F3}.Release|Any CPU.Build.0 = Release|Any CPU
		{A0CEDED7-221B-47CE-A3C8-D5008BA007F3}.Release|Mixed Platforms.ActiveCfg = Release|Any CPU
		{A0CEDED7-221B-47CE-A3C8-D5008BA007F3}.Release|Mixed Platforms.Build.0 = Release|Any CPU
		{A0CEDED7-221B-47CE-A3C8-D5008BA007F3}.Release|x86.ActiveCfg = Release|Any CPU
		{D5439B8A-A13E-4B04-9C42-0BC91FD18906}.Debug|Any CPU.ActiveCfg = Debug|Any CPU
		{D5439B8A-A13E-4B04-9C42-0BC91FD18906}.Debug|Any CPU.Build.0 = Debug|Any CPU
		{D5439B8A-A13E-4B04-9C42-0BC91FD18906}.Debug|Mixed Platforms.ActiveCfg = Debug|Any CPU
		{D5439B8A-A13E-4B04-9C42-0BC91FD18906}.Debug|Mixed Platforms.Build.0 = Debug|Any CPU
		{D5439B8A-A13E-4B04-9C42-0BC91FD18906}.Debug|x86.ActiveCfg = Debug|Any CPU
		{D5439B8A-A13E-4B04-9C42-0BC91FD18906}.Release|Any CPU.ActiveCfg = Release|Any CPU
		{D5439B8A-A13E-4B04-9C42-0BC91FD18906}.Release|Any CPU.Build.0 = Release|Any CPU
		{D5439B8A-A13E-4B04-9C42-0BC91FD18906}.Release|Mixed Platforms.ActiveCfg = Release|Any CPU
		{D5439B8A-A13E-4B04-9C42-0BC91FD18906}.Release|Mixed Platforms.Build.0 = Release|Any CPU
		{D5439B8A-A13E-4B04-9C42-0BC91FD18906}.Release|x86.ActiveCfg = Release|Any CPU
		{4F805B7B-AE69-4F26-9FAC-936EDD6CE260}.Debug|Any CPU.ActiveCfg = Debug|Any CPU
		{4F805B7B-AE69-4F26-9FAC-936EDD6CE260}.Debug|Any CPU.Build.0 = Debug|Any CPU
		{4F805B7B-AE69-4F26-9FAC-936EDD6CE260}.Debug|Mixed Platforms.ActiveCfg = Debug|Any CPU
		{4F805B7B-AE69-4F26-9FAC-936EDD6CE260}.Debug|Mixed Platforms.Build.0 = Debug|Any CPU
		{4F805B7B-AE69-4F26-9FAC-936EDD6CE260}.Debug|x86.ActiveCfg = Debug|Any CPU
		{4F805B7B-AE69-4F26-9FAC-936EDD6CE260}.Release|Any CPU.ActiveCfg = Release|Any CPU
		{4F805B7B-AE69-4F26-9FAC-936EDD6CE260}.Release|Any CPU.Build.0 = Release|Any CPU
		{4F805B7B-AE69-4F26-9FAC-936EDD6CE260}.Release|Mixed Platforms.ActiveCfg = Release|Any CPU
		{4F805B7B-AE69-4F26-9FAC-936EDD6CE260}.Release|Mixed Platforms.Build.0 = Release|Any CPU
		{4F805B7B-AE69-4F26-9FAC-936EDD6CE260}.Release|x86.ActiveCfg = Release|Any CPU
		{27011075-17F9-4BB6-96EE-FE8A7403911F}.Debug|Any CPU.ActiveCfg = Debug|Any CPU
		{27011075-17F9-4BB6-96EE-FE8A7403911F}.Debug|Any CPU.Build.0 = Debug|Any CPU
		{27011075-17F9-4BB6-96EE-FE8A7403911F}.Debug|Mixed Platforms.ActiveCfg = Debug|Any CPU
		{27011075-17F9-4BB6-96EE-FE8A7403911F}.Debug|Mixed Platforms.Build.0 = Debug|Any CPU
		{27011075-17F9-4BB6-96EE-FE8A7403911F}.Debug|x86.ActiveCfg = Debug|Any CPU
		{27011075-17F9-4BB6-96EE-FE8A7403911F}.Release|Any CPU.ActiveCfg = Release|Any CPU
		{27011075-17F9-4BB6-96EE-FE8A7403911F}.Release|Any CPU.Build.0 = Release|Any CPU
		{27011075-17F9-4BB6-96EE-FE8A7403911F}.Release|Mixed Platforms.ActiveCfg = Release|Any CPU
		{27011075-17F9-4BB6-96EE-FE8A7403911F}.Release|Mixed Platforms.Build.0 = Release|Any CPU
		{27011075-17F9-4BB6-96EE-FE8A7403911F}.Release|x86.ActiveCfg = Release|Any CPU
		{F94A3504-6825-447D-B87E-7C3A943402C1}.Debug|Any CPU.ActiveCfg = Debug|Any CPU
		{F94A3504-6825-447D-B87E-7C3A943402C1}.Debug|Any CPU.Build.0 = Debug|Any CPU
		{F94A3504-6825-447D-B87E-7C3A943402C1}.Debug|Mixed Platforms.ActiveCfg = Debug|Any CPU
		{F94A3504-6825-447D-B87E-7C3A943402C1}.Debug|Mixed Platforms.Build.0 = Debug|Any CPU
		{F94A3504-6825-447D-B87E-7C3A943402C1}.Debug|x86.ActiveCfg = Debug|Any CPU
		{F94A3504-6825-447D-B87E-7C3A943402C1}.Release|Any CPU.ActiveCfg = Release|Any CPU
		{F94A3504-6825-447D-B87E-7C3A943402C1}.Release|Any CPU.Build.0 = Release|Any CPU
		{F94A3504-6825-447D-B87E-7C3A943402C1}.Release|Mixed Platforms.ActiveCfg = Release|Any CPU
		{F94A3504-6825-447D-B87E-7C3A943402C1}.Release|Mixed Platforms.Build.0 = Release|Any CPU
		{F94A3504-6825-447D-B87E-7C3A943402C1}.Release|x86.ActiveCfg = Release|Any CPU
		{A21C5E99-5F3C-4ADB-A51C-D41BF76DAFFD}.Debug|Any CPU.ActiveCfg = Debug|Any CPU
		{A21C5E99-5F3C-4ADB-A51C-D41BF76DAFFD}.Debug|Any CPU.Build.0 = Debug|Any CPU
		{A21C5E99-5F3C-4ADB-A51C-D41BF76DAFFD}.Debug|Mixed Platforms.ActiveCfg = Debug|Any CPU
		{A21C5E99-5F3C-4ADB-A51C-D41BF76DAFFD}.Debug|Mixed Platforms.Build.0 = Debug|Any CPU
		{A21C5E99-5F3C-4ADB-A51C-D41BF76DAFFD}.Debug|x86.ActiveCfg = Debug|Any CPU
		{A21C5E99-5F3C-4ADB-A51C-D41BF76DAFFD}.Release|Any CPU.ActiveCfg = Release|Any CPU
		{A21C5E99-5F3C-4ADB-A51C-D41BF76DAFFD}.Release|Any CPU.Build.0 = Release|Any CPU
		{A21C5E99-5F3C-4ADB-A51C-D41BF76DAFFD}.Release|Mixed Platforms.ActiveCfg = Release|Any CPU
		{A21C5E99-5F3C-4ADB-A51C-D41BF76DAFFD}.Release|Mixed Platforms.Build.0 = Release|Any CPU
		{A21C5E99-5F3C-4ADB-A51C-D41BF76DAFFD}.Release|x86.ActiveCfg = Release|Any CPU
		{4C0BB241-A99A-4F01-B0F7-BFAB4CF05C03}.Debug|Any CPU.ActiveCfg = Debug|Any CPU
		{4C0BB241-A99A-4F01-B0F7-BFAB4CF05C03}.Debug|Any CPU.Build.0 = Debug|Any CPU
		{4C0BB241-A99A-4F01-B0F7-BFAB4CF05C03}.Debug|Mixed Platforms.ActiveCfg = Debug|Any CPU
		{4C0BB241-A99A-4F01-B0F7-BFAB4CF05C03}.Debug|Mixed Platforms.Build.0 = Debug|Any CPU
		{4C0BB241-A99A-4F01-B0F7-BFAB4CF05C03}.Debug|x86.ActiveCfg = Debug|Any CPU
		{4C0BB241-A99A-4F01-B0F7-BFAB4CF05C03}.Release|Any CPU.ActiveCfg = Release|Any CPU
		{4C0BB241-A99A-4F01-B0F7-BFAB4CF05C03}.Release|Any CPU.Build.0 = Release|Any CPU
		{4C0BB241-A99A-4F01-B0F7-BFAB4CF05C03}.Release|Mixed Platforms.ActiveCfg = Release|Any CPU
		{4C0BB241-A99A-4F01-B0F7-BFAB4CF05C03}.Release|Mixed Platforms.Build.0 = Release|Any CPU
		{4C0BB241-A99A-4F01-B0F7-BFAB4CF05C03}.Release|x86.ActiveCfg = Release|Any CPU
		{F4F76671-37D9-4D59-AA59-FB34217F7336}.Debug|Any CPU.ActiveCfg = Debug|Any CPU
		{F4F76671-37D9-4D59-AA59-FB34217F7336}.Debug|Any CPU.Build.0 = Debug|Any CPU
		{F4F76671-37D9-4D59-AA59-FB34217F7336}.Debug|Mixed Platforms.ActiveCfg = Debug|Any CPU
		{F4F76671-37D9-4D59-AA59-FB34217F7336}.Debug|Mixed Platforms.Build.0 = Debug|Any CPU
		{F4F76671-37D9-4D59-AA59-FB34217F7336}.Debug|x86.ActiveCfg = Debug|Any CPU
		{F4F76671-37D9-4D59-AA59-FB34217F7336}.Release|Any CPU.ActiveCfg = Release|Any CPU
		{F4F76671-37D9-4D59-AA59-FB34217F7336}.Release|Any CPU.Build.0 = Release|Any CPU
		{F4F76671-37D9-4D59-AA59-FB34217F7336}.Release|Mixed Platforms.ActiveCfg = Release|Any CPU
		{F4F76671-37D9-4D59-AA59-FB34217F7336}.Release|Mixed Platforms.Build.0 = Release|Any CPU
		{F4F76671-37D9-4D59-AA59-FB34217F7336}.Release|x86.ActiveCfg = Release|Any CPU
		{103BBB6F-B5CD-49CD-993E-BEEABC6190BB}.Debug|Any CPU.ActiveCfg = Debug|x86
		{103BBB6F-B5CD-49CD-993E-BEEABC6190BB}.Debug|Mixed Platforms.ActiveCfg = Debug|x86
		{103BBB6F-B5CD-49CD-993E-BEEABC6190BB}.Debug|Mixed Platforms.Build.0 = Debug|x86
		{103BBB6F-B5CD-49CD-993E-BEEABC6190BB}.Debug|x86.ActiveCfg = Debug|x86
		{103BBB6F-B5CD-49CD-993E-BEEABC6190BB}.Debug|x86.Build.0 = Debug|x86
		{103BBB6F-B5CD-49CD-993E-BEEABC6190BB}.Release|Any CPU.ActiveCfg = Release|x86
		{103BBB6F-B5CD-49CD-993E-BEEABC6190BB}.Release|Mixed Platforms.ActiveCfg = Release|x86
		{103BBB6F-B5CD-49CD-993E-BEEABC6190BB}.Release|Mixed Platforms.Build.0 = Release|x86
		{103BBB6F-B5CD-49CD-993E-BEEABC6190BB}.Release|x86.ActiveCfg = Release|x86
		{103BBB6F-B5CD-49CD-993E-BEEABC6190BB}.Release|x86.Build.0 = Release|x86
		{D8508579-5BC4-493E-AF6F-E9696F9999F3}.Debug|Any CPU.ActiveCfg = Debug|Any CPU
		{D8508579-5BC4-493E-AF6F-E9696F9999F3}.Debug|Any CPU.Build.0 = Debug|Any CPU
		{D8508579-5BC4-493E-AF6F-E9696F9999F3}.Debug|Mixed Platforms.ActiveCfg = Debug|Any CPU
		{D8508579-5BC4-493E-AF6F-E9696F9999F3}.Debug|Mixed Platforms.Build.0 = Debug|Any CPU
		{D8508579-5BC4-493E-AF6F-E9696F9999F3}.Debug|x86.ActiveCfg = Debug|Any CPU
		{D8508579-5BC4-493E-AF6F-E9696F9999F3}.Release|Any CPU.ActiveCfg = Release|Any CPU
		{D8508579-5BC4-493E-AF6F-E9696F9999F3}.Release|Any CPU.Build.0 = Release|Any CPU
		{D8508579-5BC4-493E-AF6F-E9696F9999F3}.Release|Mixed Platforms.ActiveCfg = Release|Any CPU
		{D8508579-5BC4-493E-AF6F-E9696F9999F3}.Release|Mixed Platforms.Build.0 = Release|Any CPU
		{D8508579-5BC4-493E-AF6F-E9696F9999F3}.Release|x86.ActiveCfg = Release|Any CPU
		{7D69B5BB-4471-49F8-B8E5-7898F569EE5E}.Debug|Any CPU.ActiveCfg = Debug|Any CPU
		{7D69B5BB-4471-49F8-B8E5-7898F569EE5E}.Debug|Any CPU.Build.0 = Debug|Any CPU
		{7D69B5BB-4471-49F8-B8E5-7898F569EE5E}.Debug|Mixed Platforms.ActiveCfg = Debug|Any CPU
		{7D69B5BB-4471-49F8-B8E5-7898F569EE5E}.Debug|Mixed Platforms.Build.0 = Debug|Any CPU
		{7D69B5BB-4471-49F8-B8E5-7898F569EE5E}.Debug|x86.ActiveCfg = Debug|Any CPU
		{7D69B5BB-4471-49F8-B8E5-7898F569EE5E}.Debug|x86.Build.0 = Debug|Any CPU
		{7D69B5BB-4471-49F8-B8E5-7898F569EE5E}.Release|Any CPU.ActiveCfg = Release|Any CPU
		{7D69B5BB-4471-49F8-B8E5-7898F569EE5E}.Release|Any CPU.Build.0 = Release|Any CPU
		{7D69B5BB-4471-49F8-B8E5-7898F569EE5E}.Release|Mixed Platforms.ActiveCfg = Release|Any CPU
		{7D69B5BB-4471-49F8-B8E5-7898F569EE5E}.Release|Mixed Platforms.Build.0 = Release|Any CPU
		{7D69B5BB-4471-49F8-B8E5-7898F569EE5E}.Release|x86.ActiveCfg = Release|Any CPU
		{7D69B5BB-4471-49F8-B8E5-7898F569EE5E}.Release|x86.Build.0 = Release|Any CPU
	EndGlobalSection
	GlobalSection(SolutionProperties) = preSolution
		HideSolutionNode = FALSE
	EndGlobalSection
	GlobalSection(ExtensibilityGlobals) = postSolution
		SolutionGuid = {97C3F64F-82C8-4402-A86A-D3F9348D092A}
	EndGlobalSection
	GlobalSection(SubversionScc) = preSolution
		Svn-Managed = True
		Manager = AnkhSVN - Subversion Support for Visual Studio
	EndGlobalSection
EndGlobal
